
Microsoft Visual Studio Solution File, Format Version 12.00
# Visual Studio Version 17
VisualStudioVersion = 17.1.32210.238
MinimumVisualStudioVersion = 10.0.40219.1
Project("{9A19103F-16F7-4668-BE54-9A1E7A4F7556}") = "Preasure", "Preasure\Preasure.csproj", "{948EF46D-A826-4729-9BCB-7356A9B11C98}"
	ProjectSection(ProjectDependencies) = postProject
		{F9553832-CF15-4255-ACB9-0DAC757577FD} = {F9553832-CF15-4255-ACB9-0DAC757577FD}
	EndProjectSection
EndProject
Project("{9A19103F-16F7-4668-BE54-9A1E7A4F7556}") = "EFCore", "EFCore\EFCore.csproj", "{A9E8535B-63AF-4513-9697-737D2F5060CF}"
EndProject
Project("{FAE04EC0-301F-11D3-BF4B-00C04F79EFBC}") = "Services", "Services\Services.csproj", "{B02E1FA8-4C31-4725-8DB5-277CD727C3ED}"
EndProject
Project("{FAE04EC0-301F-11D3-BF4B-00C04F79EFBC}") = "DataTransferObjects", "DataTransferObjects\DataTransferObjects.csproj", "{2F6C0ECD-D627-4374-827D-32EB987B01E0}"
EndProject
Project("{FAE04EC0-301F-11D3-BF4B-00C04F79EFBC}") = "DbServices", "DbServices\DbServices.csproj", "{F9553832-CF15-4255-ACB9-0DAC757577FD}"
EndProject
Global
	GlobalSection(SolutionConfigurationPlatforms) = preSolution
		Debug|Any CPU = Debug|Any CPU
		Release|Any CPU = Release|Any CPU
	EndGlobalSection
	GlobalSection(ProjectConfigurationPlatforms) = postSolution
		{948EF46D-A826-4729-9BCB-7356A9B11C98}.Debug|Any CPU.ActiveCfg = Debug|Any CPU
		{948EF46D-A826-4729-9BCB-7356A9B11C98}.Debug|Any CPU.Build.0 = Debug|Any CPU
		{948EF46D-A826-4729-9BCB-7356A9B11C98}.Release|Any CPU.ActiveCfg = Release|Any CPU
		{948EF46D-A826-4729-9BCB-7356A9B11C98}.Release|Any CPU.Build.0 = Release|Any CPU
		{A9E8535B-63AF-4513-9697-737D2F5060CF}.Debug|Any CPU.ActiveCfg = Debug|Any CPU
		{A9E8535B-63AF-4513-9697-737D2F5060CF}.Debug|Any CPU.Build.0 = Debug|Any CPU
		{A9E8535B-63AF-4513-9697-737D2F5060CF}.Release|Any CPU.ActiveCfg = Release|Any CPU
		{A9E8535B-63AF-4513-9697-737D2F5060CF}.Release|Any CPU.Build.0 = Release|Any CPU
		{B02E1FA8-4C31-4725-8DB5-277CD727C3ED}.Debug|Any CPU.ActiveCfg = Debug|Any CPU
		{B02E1FA8-4C31-4725-8DB5-277CD727C3ED}.Debug|Any CPU.Build.0 = Debug|Any CPU
		{B02E1FA8-4C31-4725-8DB5-277CD727C3ED}.Release|Any CPU.ActiveCfg = Release|Any CPU
		{B02E1FA8-4C31-4725-8DB5-277CD727C3ED}.Release|Any CPU.Build.0 = Release|Any CPU
		{2F6C0ECD-D627-4374-827D-32EB987B01E0}.Debug|Any CPU.ActiveCfg = Debug|Any CPU
		{2F6C0ECD-D627-4374-827D-32EB987B01E0}.Debug|Any CPU.Build.0 = Debug|Any CPU
		{2F6C0ECD-D627-4374-827D-32EB987B01E0}.Release|Any CPU.ActiveCfg = Release|Any CPU
		{2F6C0ECD-D627-4374-827D-32EB987B01E0}.Release|Any CPU.Build.0 = Release|Any CPU
		{F9553832-CF15-4255-ACB9-0DAC757577FD}.Debug|Any CPU.ActiveCfg = Debug|Any CPU
		{F9553832-CF15-4255-ACB9-0DAC757577FD}.Debug|Any CPU.Build.0 = Debug|Any CPU
		{F9553832-CF15-4255-ACB9-0DAC757577FD}.Release|Any CPU.ActiveCfg = Release|Any CPU
		{F9553832-CF15-4255-ACB9-0DAC757577FD}.Release|Any CPU.Build.0 = Release|Any CPU
	EndGlobalSection
	GlobalSection(SolutionProperties) = preSolution
		HideSolutionNode = FALSE
	EndGlobalSection
	GlobalSection(ExtensibilityGlobals) = postSolution
		SolutionGuid = {7A67E6B8-310B-4885-881B-68820331807D}
	EndGlobalSection
EndGlobal
